
Microsoft Visual Studio Solution File, Format Version 12.00
# Visual Studio Version 16
VisualStudioVersion = 16.0.810.15
MinimumVisualStudioVersion = 10.0.40219.1
Project("{FAE04EC0-301F-11D3-BF4B-00C04F79EFBC}") = "RealityFirst", "RealityFirst\RealityFirst.csproj", "{C6EDCD6A-3517-4897-85E5-7FA3E3DBC5EC}"
EndProject
Global
	GlobalSection(SolutionConfigurationPlatforms) = preSolution
		Debug|Any CPU = Debug|Any CPU
		Release|Any CPU = Release|Any CPU
	EndGlobalSection
	GlobalSection(ProjectConfigurationPlatforms) = postSolution
		{C6EDCD6A-3517-4897-85E5-7FA3E3DBC5EC}.Debug|Any CPU.ActiveCfg = Debug|Any CPU
		{C6EDCD6A-3517-4897-85E5-7FA3E3DBC5EC}.Debug|Any CPU.Build.0 = Debug|Any CPU
		{C6EDCD6A-3517-4897-85E5-7FA3E3DBC5EC}.Release|Any CPU.ActiveCfg = Release|Any CPU
		{C6EDCD6A-3517-4897-85E5-7FA3E3DBC5EC}.Release|Any CPU.Build.0 = Release|Any CPU
	EndGlobalSection
	GlobalSection(SolutionProperties) = preSolution
		HideSolutionNode = FALSE
	EndGlobalSection
	GlobalSection(ExtensibilityGlobals) = postSolution
		SolutionGuid = {12B4536C-23C7-4122-92B3-15158FDA12E0}
	EndGlobalSection
EndGlobal
